
Microsoft Visual Studio Solution File, Format Version 12.00
# Visual Studio Version 16
VisualStudioVersion = 16.0.31005.135
MinimumVisualStudioVersion = 10.0.40219.1
Project("{FAE04EC0-301F-11D3-BF4B-00C04F79EFBC}") = "FarmingFeedingAppv2", "FarmingFeedingAppv2\FarmingFeedingAppv2.csproj", "{596AE272-4FB7-4142-8C46-094E39B82EF3}"
EndProject
Global
	GlobalSection(SolutionConfigurationPlatforms) = preSolution
		Debug|Any CPU = Debug|Any CPU
		Release|Any CPU = Release|Any CPU
	EndGlobalSection
	GlobalSection(ProjectConfigurationPlatforms) = postSolution
		{596AE272-4FB7-4142-8C46-094E39B82EF3}.Debug|Any CPU.ActiveCfg = Debug|Any CPU
		{596AE272-4FB7-4142-8C46-094E39B82EF3}.Debug|Any CPU.Build.0 = Debug|Any CPU
		{596AE272-4FB7-4142-8C46-094E39B82EF3}.Release|Any CPU.ActiveCfg = Release|Any CPU
		{596AE272-4FB7-4142-8C46-094E39B82EF3}.Release|Any CPU.Build.0 = Release|Any CPU
	EndGlobalSection
	GlobalSection(SolutionProperties) = preSolution
		HideSolutionNode = FALSE
	EndGlobalSection
	GlobalSection(ExtensibilityGlobals) = postSolution
		SolutionGuid = {CF28FF4A-A403-4AB9-958E-E030C575F027}
	EndGlobalSection
EndGlobal
